// !$*UTF8*$!
{
	archiveVersion = 1;
	classes = {
	};
	objectVersion = 46;
	objects = {

/* Begin PBXBuildFile section */
		38EF298D1B3BD1C90036EEDF /* main.m in Sources */ = {isa = PBXBuildFile; fileRef = 38EF298C1B3BD1C90036EEDF /* main.m */; };
		38EF29901B3BD1C90036EEDF /* AppDelegate.m in Sources */ = {isa = PBXBuildFile; fileRef = 38EF298F1B3BD1C90036EEDF /* AppDelegate.m */; };
		38EF29931B3BD1C90036EEDF /* ViewController.m in Sources */ = {isa = PBXBuildFile; fileRef = 38EF29921B3BD1C90036EEDF /* ViewController.m */; };
		38EF29961B3BD1C90036EEDF /* Main.storyboard in Resources */ = {isa = PBXBuildFile; fileRef = 38EF29941B3BD1C90036EEDF /* Main.storyboard */; };
		38EF29981B3BD1CA0036EEDF /* Images.xcassets in Resources */ = {isa = PBXBuildFile; fileRef = 38EF29971B3BD1CA0036EEDF /* Images.xcassets */; };
		38EF299B1B3BD1CA0036EEDF /* LaunchScreen.xib in Resources */ = {isa = PBXBuildFile; fileRef = 38EF29991B3BD1CA0036EEDF /* LaunchScreen.xib */; };
		38EF29A71B3BD1CA0036EEDF /* Blocks_in_iOSTests.m in Sources */ = {isa = PBXBuildFile; fileRef = 38EF29A61B3BD1CA0036EEDF /* Blocks_in_iOSTests.m */; };
/* End PBXBuildFile section */

/* Begin PBXContainerItemProxy section */
		38EF29A11B3BD1CA0036EEDF /* PBXContainerItemProxy */ = {
			isa = PBXContainerItemProxy;
			containerPortal = 38EF297F1B3BD1C90036EEDF /* Project object */;
			proxyType = 1;
			remoteGlobalIDString = 38EF29861B3BD1C90036EEDF;
			remoteInfo = Blocks_in_iOS;
		};
/* End PBXContainerItemProxy section */

/* Begin PBXFileReference section */
		38EF29871B3BD1C90036EEDF /* Blocks_in_iOS.app */ = {isa = PBXFileReference; explicitFileType = wrapper.application; includeInIndex = 0; path = Blocks_in_iOS.app; sourceTree = BUILT_PRODUCTS_DIR; };
		38EF298B1B3BD1C90036EEDF /* Info.plist */ = {isa = PBXFileReference; lastKnownFileType = text.plist.xml; path = Info.plist; sourceTree = "<group>"; };
		38EF298C1B3BD1C90036EEDF /* main.m */ = {isa = PBXFileReference; lastKnownFileType = sourcecode.c.objc; path = main.m; sourceTree = "<group>"; };
		38EF298E1B3BD1C90036EEDF /* AppDelegate.h */ = {isa = PBXFileReference; lastKnownFileType = sourcecode.c.h; path = AppDelegate.h; sourceTree = "<group>"; };
		38EF298F1B3BD1C90036EEDF /* AppDelegate.m */ = {isa = PBXFileReference; lastKnownFileType = sourcecode.c.objc; path = AppDelegate.m; sourceTree = "<group>"; };
		38EF29911B3BD1C90036EEDF /* ViewController.h */ = {isa = PBXFileReference; lastKnownFileType = sourcecode.c.h; path = ViewController.h; sourceTree = "<group>"; };
		38EF29921B3BD1C90036EEDF /* ViewController.m */ = {isa = PBXFileReference; lastKnownFileType = sourcecode.c.objc; path = ViewController.m; sourceTree = "<group>"; };
		38EF29951B3BD1C90036EEDF /* Base */ = {isa = PBXFileReference; lastKnownFileType = file.storyboard; name = Base; path = Base.lproj/Main.storyboard; sourceTree = "<group>"; };
		38EF29971B3BD1CA0036EEDF /* Images.xcassets */ = {isa = PBXFileReference; lastKnownFileType = folder.assetcatalog; path = Images.xcassets; sourceTree = "<group>"; };
		38EF299A1B3BD1CA0036EEDF /* Base */ = {isa = PBXFileReference; lastKnownFileType = file.xib; name = Base; path = Base.lproj/LaunchScreen.xib; sourceTree = "<group>"; };
		38EF29A01B3BD1CA0036EEDF /* Blocks_in_iOSTests.xctest */ = {isa = PBXFileReference; explicitFileType = wrapper.cfbundle; includeInIndex = 0; path = Blocks_in_iOSTests.xctest; sourceTree = BUILT_PRODUCTS_DIR; };
		38EF29A51B3BD1CA0036EEDF /* Info.plist */ = {isa = PBXFileReference; lastKnownFileType = text.plist.xml; path = Info.plist; sourceTree = "<group>"; };
		38EF29A61B3BD1CA0036EEDF /* Blocks_in_iOSTests.m */ = {isa = PBXFileReference; lastKnownFileType = sourcecode.c.objc; path = Blocks_in_iOSTests.m; sourceTree = "<group>"; };
/* End PBXFileReference section */

/* Begin PBXFrameworksBuildPhase section */
		38EF29841B3BD1C90036EEDF /* Frameworks */ = {
			isa = PBXFrameworksBuildPhase;
			buildActionMask = 2147483647;
			files = (
			);
			runOnlyForDeploymentPostprocessing = 0;
		};
		38EF299D1B3BD1CA0036EEDF /* Frameworks */ = {
			isa = PBXFrameworksBuildPhase;
			buildActionMask = 2147483647;
			files = (
			);
			runOnlyForDeploymentPostprocessing = 0;
		};
/* End PBXFrameworksBuildPhase section */

/* Begin PBXGroup section */
		38EF297E1B3BD1C90036EEDF = {
			isa = PBXGroup;
			children = (
				38EF29891B3BD1C90036EEDF /* Blocks_in_iOS */,
				38EF29A31B3BD1CA0036EEDF /* Blocks_in_iOSTests */,
				38EF29881B3BD1C90036EEDF /* Products */,
			);
			sourceTree = "<group>";
		};
		38EF29881B3BD1C90036EEDF /* Products */ = {
			isa = PBXGroup;
			children = (
				38EF29871B3BD1C90036EEDF /* Blocks_in_iOS.app */,
				38EF29A01B3BD1CA0036EEDF /* Blocks_in_iOSTests.xctest */,
			);
			name = Products;
			sourceTree = "<group>";
		};
		38EF29891B3BD1C90036EEDF /* Blocks_in_iOS */ = {
			isa = PBXGroup;
			children = (
				38EF298E1B3BD1C90036EEDF /* AppDelegate.h */,
				38EF298F1B3BD1C90036EEDF /* AppDelegate.m */,
				38EF29911B3BD1C90036EEDF /* ViewController.h */,
				38EF29921B3BD1C90036EEDF /* ViewController.m */,
				38EF29941B3BD1C90036EEDF /* Main.storyboard */,
				38EF29971B3BD1CA0036EEDF /* Images.xcassets */,
				38EF29991B3BD1CA0036EEDF /* LaunchScreen.xib */,
				38EF298A1B3BD1C90036EEDF /* Supporting Files */,
			);
			path = Blocks_in_iOS;
			sourceTree = "<group>";
		};
		38EF298A1B3BD1C90036EEDF /* Supporting Files */ = {
			isa = PBXGroup;
			children = (
				38EF298B1B3BD1C90036EEDF /* Info.plist */,
				38EF298C1B3BD1C90036EEDF /* main.m */,
			);
			name = "Supporting Files";
			sourceTree = "<group>";
		};
		38EF29A31B3BD1CA0036EEDF /* Blocks_in_iOSTests */ = {
			isa = PBXGroup;
			children = (
				38EF29A61B3BD1CA0036EEDF /* Blocks_in_iOSTests.m */,
				38EF29A41B3BD1CA0036EEDF /* Supporting Files */,
			);
			path = Blocks_in_iOSTests;
			sourceTree = "<group>";
		};
		38EF29A41B3BD1CA0036EEDF /* Supporting Files */ = {
			isa = PBXGroup;
			children = (
				38EF29A51B3BD1CA0036EEDF /* Info.plist */,
			);
			name = "Supporting Files";
			sourceTree = "<group>";
		};
/* End PBXGroup section */

/* Begin PBXNativeTarget section */
		38EF29861B3BD1C90036EEDF /* Blocks_in_iOS */ = {
			isa = PBXNativeTarget;
			buildConfigurationList = 38EF29AA1B3BD1CA0036EEDF /* Build configuration list for PBXNativeTarget "Blocks_in_iOS" */;
			buildPhases = (
				38EF29831B3BD1C90036EEDF /* Sources */,
				38EF29841B3BD1C90036EEDF /* Frameworks */,
				38EF29851B3BD1C90036EEDF /* Resources */,
			);
			buildRules = (
			);
			dependencies = (
			);
			name = Blocks_in_iOS;
			productName = Blocks_in_iOS;
			productReference = 38EF29871B3BD1C90036EEDF /* Blocks_in_iOS.app */;
			productType = "com.apple.product-type.application";
		};
		38EF299F1B3BD1CA0036EEDF /* Blocks_in_iOSTests */ = {
			isa = PBXNativeTarget;
			buildConfigurationList = 38EF29AD1B3BD1CA0036EEDF /* Build configuration list for PBXNativeTarget "Blocks_in_iOSTests" */;
			buildPhases = (
				38EF299C1B3BD1CA0036EEDF /* Sources */,
				38EF299D1B3BD1CA0036EEDF /* Frameworks */,
				38EF299E1B3BD1CA0036EEDF /* Resources */,
			);
			buildRules = (
			);
			dependencies = (
				38EF29A21B3BD1CA0036EEDF /* PBXTargetDependency */,
			);
			name = Blocks_in_iOSTests;
			productName = Blocks_in_iOSTests;
			productReference = 38EF29A01B3BD1CA0036EEDF /* Blocks_in_iOSTests.xctest */;
			productType = "com.apple.product-type.bundle.unit-test";
		};
/* End PBXNativeTarget section */

/* Begin PBXProject section */
		38EF297F1B3BD1C90036EEDF /* Project object */ = {
			isa = PBXProject;
			attributes = {
				LastUpgradeCheck = 0610;
				ORGANIZATIONNAME = Akash;
				TargetAttributes = {
					38EF29861B3BD1C90036EEDF = {
						CreatedOnToolsVersion = 6.1.1;
					};
					38EF299F1B3BD1CA0036EEDF = {
						CreatedOnToolsVersion = 6.1.1;
						TestTargetID = 38EF29861B3BD1C90036EEDF;
					};
				};
			};
			buildConfigurationList = 38EF29821B3BD1C90036EEDF /* Build configuration list for PBXProject "Blocks_in_iOS" */;
			compatibilityVersion = "Xcode 3.2";
			developmentRegion = English;
			hasScannedForEncodings = 0;
			knownRegions = (
				en,
				Base,
			);
			mainGroup = 38EF297E1B3BD1C90036EEDF;
			productRefGroup = 38EF29881B3BD1C90036EEDF /* Products */;
			projectDirPath = "";
			projectRoot = "";
			targets = (
				38EF29861B3BD1C90036EEDF /* Blocks_in_iOS */,
				38EF299F1B3BD1CA0036EEDF /* Blocks_in_iOSTests */,
			);
		};
/* End PBXProject section */

/* Begin PBXResourcesBuildPhase section */
		38EF29851B3BD1C90036EEDF /* Resources */ = {
			isa = PBXResourcesBuildPhase;
			buildActionMask = 2147483647;
			files = (
				38EF29961B3BD1C90036EEDF /* Main.storyboard in Resources */,
				38EF299B1B3BD1CA0036EEDF /* LaunchScreen.xib in Resources */,
				38EF29981B3BD1CA0036EEDF /* Images.xcassets in Resources */,
			);
			runOnlyForDeploymentPostprocessing = 0;
		};
		38EF299E1B3BD1CA0036EEDF /* Resources */ = {
			isa = PBXResourcesBuildPhase;
			buildActionMask = 2147483647;
			files = (
			);
			runOnlyForDeploymentPostprocessing = 0;
		};
/* End PBXResourcesBuildPhase section */

/* Begin PBXSourcesBuildPhase section */
		38EF29831B3BD1C90036EEDF /* Sources */ = {
			isa = PBXSourcesBuildPhase;
			buildActionMask = 2147483647;
			files = (
				38EF29931B3BD1C90036EEDF /* ViewController.m in Sources */,
				38EF29901B3BD1C90036EEDF /* AppDelegate.m in Sources */,
				38EF298D1B3BD1C90036EEDF /* main.m in Sources */,
			);
			runOnlyForDeploymentPostprocessing = 0;
		};
		38EF299C1B3BD1CA0036EEDF /* Sources */ = {
			isa = PBXSourcesBuildPhase;
			buildActionMask = 2147483647;
			files = (
				38EF29A71B3BD1CA0036EEDF /* Blocks_in_iOSTests.m in Sources */,
			);
			runOnlyForDeploymentPostprocessing = 0;
		};
/* End PBXSourcesBuildPhase section */

/* Begin PBXTargetDependency section */
		38EF29A21B3BD1CA0036EEDF /* PBXTargetDependency */ = {
			isa = PBXTargetDependency;
			target = 38EF29861B3BD1C90036EEDF /* Blocks_in_iOS */;
			targetProxy = 38EF29A11B3BD1CA0036EEDF /* PBXContainerItemProxy */;
		};
/* End PBXTargetDependency section */

/* Begin PBXVariantGroup section */
		38EF29941B3BD1C90036EEDF /* Main.storyboard */ = {
			isa = PBXVariantGroup;
			children = (
				38EF29951B3BD1C90036EEDF /* Base */,
			);
			name = Main.storyboard;
			sourceTree = "<group>";
		};
		38EF29991B3BD1CA0036EEDF /* LaunchScreen.xib */ = {
			isa = PBXVariantGroup;
			children = (
				38EF299A1B3BD1CA0036EEDF /* Base */,
			);
			name = LaunchScreen.xib;
			sourceTree = "<group>";
		};
/* End PBXVariantGroup section */

/* Begin XCBuildConfiguration section */
		38EF29A81B3BD1CA0036EEDF /* Debug */ = {
			isa = XCBuildConfiguration;
			buildSettings = {
				ALWAYS_SEARCH_USER_PATHS = NO;
				CLANG_CXX_LANGUAGE_STANDARD = "gnu++0x";
				CLANG_CXX_LIBRARY = "libc++";
				CLANG_ENABLE_MODULES = YES;
				CLANG_ENABLE_OBJC_ARC = YES;
				CLANG_WARN_BOOL_CONVERSION = YES;
				CLANG_WARN_CONSTANT_CONVERSION = YES;
				CLANG_WARN_DIRECT_OBJC_ISA_USAGE = YES_ERROR;
				CLANG_WARN_EMPTY_BODY = YES;
				CLANG_WARN_ENUM_CONVERSION = YES;
				CLANG_WARN_INT_CONVERSION = YES;
				CLANG_WARN_OBJC_ROOT_CLASS = YES_ERROR;
				CLANG_WARN_UNREACHABLE_CODE = YES;
				CLANG_WARN__DUPLICATE_METHOD_MATCH = YES;
				"CODE_SIGN_IDENTITY[sdk=iphoneos*]" = "iPhone Developer";
				COPY_PHASE_STRIP = NO;
				ENABLE_STRICT_OBJC_MSGSEND = YES;
				GCC_C_LANGUAGE_STANDARD = gnu99;
				GCC_DYNAMIC_NO_PIC = NO;
				GCC_OPTIMIZATION_LEVEL = 0;
				GCC_PREPROCESSOR_DEFINITIONS = (
					"DEBUG=1",
					"$(inherited)",
				);
				GCC_SYMBOLS_PRIVATE_EXTERN = NO;
				GCC_WARN_64_TO_32_BIT_CONVERSION = YES;
				GCC_WARN_ABOUT_RETURN_TYPE = YES_ERROR;
				GCC_WARN_UNDECLARED_SELECTOR = YES;
				GCC_WARN_UNINITIALIZED_AUTOS = YES_AGGRESSIVE;
				GCC_WARN_UNUSED_FUNCTION = YES;
				GCC_WARN_UNUSED_VARIABLE = YES;
				IPHONEOS_DEPLOYMENT_TARGET = 8.1;
				MTL_ENABLE_DEBUG_INFO = YES;
				ONLY_ACTIVE_ARCH = YES;
				SDKROOT = iphoneos;
			};
			name = Debug;
		};
		38EF29A91B3BD1CA0036EEDF /* Release */ = {
			isa = XCBuildConfiguration;
			buildSettings = {
				ALWAYS_SEARCH_USER_PATHS = NO;
				CLANG_CXX_LANGUAGE_STANDARD = "gnu++0x";
				CLANG_CXX_LIBRARY = "libc++";
				CLANG_ENABLE_MODULES = YES;
				CLANG_ENABLE_OBJC_ARC = YES;
				CLANG_WARN_BOOL_CONVERSION = YES;
				CLANG_WARN_CONSTANT_CONVERSION = YES;
				CLANG_WARN_DIRECT_OBJC_ISA_USAGE = YES_ERROR;
				CLANG_WARN_EMPTY_BODY = YES;
				CLANG_WARN_ENUM_CONVERSION = YES;
				CLANG_WARN_INT_CONVERSION = YES;
				CLANG_WARN_OBJC_ROOT_CLASS = YES_ERROR;
				CLANG_WARN_UNREACHABLE_CODE = YES;
				CLANG_WARN__DUPLICATE_METHOD_MATCH = YES;
				"CODE_SIGN_IDENTITY[sdk=iphoneos*]" = "iPhone Developer";
				COPY_PHASE_STRIP = YES;
				ENABLE_NS_ASSERTIONS = NO;
				ENABLE_STRICT_OBJC_MSGSEND = YES;
				GCC_C_LANGUAGE_STANDARD = gnu99;
				GCC_WARN_64_TO_32_BIT_CONVERSION = YES;
				GCC_WARN_ABOUT_RETURN_TYPE = YES_ERROR;
				GCC_WARN_UNDECLARED_SELECTOR = YES;
				GCC_WARN_UNINITIALIZED_AUTOS = YES_AGGRESSIVE;
				GCC_WARN_UNUSED_FUNCTION = YES;
				GCC_WARN_UNUSED_VARIABLE = YES;
				IPHONEOS_DEPLOYMENT_TARGET = 8.1;
				MTL_ENABLE_DEBUG_INFO = NO;
				SDKROOT = iphoneos;
				VALIDATE_PRODUCT = YES;
			};
			name = Release;
		};
		38EF29AB1B3BD1CA0036EEDF /* Debug */ = {
			isa = XCBuildConfiguration;
			buildSettings = {
				ASSETCATALOG_COMPILER_APPICON_NAME = AppIcon;
				INFOPLIST_FILE = Blocks_in_iOS/Info.plist;
				LD_RUNPATH_SEARCH_PATHS = "$(inherited) @executable_path/Frameworks";
				PRODUCT_NAME = "$(TARGET_NAME)";
			};
			name = Debug;
		};
		38EF29AC1B3BD1CA0036EEDF /* Release */ = {
			isa = XCBuildConfiguration;
			buildSettings = {
				ASSETCATALOG_COMPILER_APPICON_NAME = AppIcon;
				INFOPLIST_FILE = Blocks_in_iOS/Info.plist;
				LD_RUNPATH_SEARCH_PATHS = "$(inherited) @executable_path/Frameworks";
				PRODUCT_NAME = "$(TARGET_NAME)";
			};
			name = Release;
		};
		38EF29AE1B3BD1CA0036EEDF /* Debug */ = {
			isa = XCBuildConfiguration;
			buildSettings = {
				BUNDLE_LOADER = "$(TEST_HOST)";
				FRAMEWORK_SEARCH_PATHS = (
					"$(SDKROOT)/Developer/Library/Frameworks",
					"$(inherited)",
				);
				GCC_PREPROCESSOR_DEFINITIONS = (
					"DEBUG=1",
					"$(inherited)",
				);
				INFOPLIST_FILE = Blocks_in_iOSTests/Info.plist;
				LD_RUNPATH_SEARCH_PATHS = "$(inherited) @executable_path/Frameworks @loader_path/Frameworks";
				PRODUCT_NAME = "$(TARGET_NAME)";
				TEST_HOST = "$(BUILT_PRODUCTS_DIR)/Blocks_in_iOS.app/Blocks_in_iOS";
			};
			name = Debug;
		};
		38EF29AF1B3BD1CA0036EEDF /* Release */ = {
			isa = XCBuildConfiguration;
			buildSettings = {
				BUNDLE_LOADER = "$(TEST_HOST)";
				FRAMEWORK_SEARCH_PATHS = (
					"$(SDKROOT)/Developer/Library/Frameworks",
					"$(inherited)",
				);
				INFOPLIST_FILE = Blocks_in_iOSTests/Info.plist;
				LD_RUNPATH_SEARCH_PATHS = "$(inherited) @executable_path/Frameworks @loader_path/Frameworks";
				PRODUCT_NAME = "$(TARGET_NAME)";
				TEST_HOST = "$(BUILT_PRODUCTS_DIR)/Blocks_in_iOS.app/Blocks_in_iOS";
			};
			name = Release;
		};
/* End XCBuildConfiguration section */

/* Begin XCConfigurationList section */
		38EF29821B3BD1C90036EEDF /* Build configuration list for PBXProject "Blocks_in_iOS" */ = {
			isa = XCConfigurationList;
			buildConfigurations = (
				38EF29A81B3BD1CA0036EEDF /* Debug */,
				38EF29A91B3BD1CA0036EEDF /* Release */,
			);
			defaultConfigurationIsVisible = 0;
			defaultConfigurationName = Release;
		};
		38EF29AA1B3BD1CA0036EEDF /* Build configuration list for PBXNativeTarget "Blocks_in_iOS" */ = {
			isa = XCConfigurationList;
			buildConfigurations = (
				38EF29AB1B3BD1CA0036EEDF /* Debug */,
				38EF29AC1B3BD1CA0036EEDF /* Release */,
			);
			defaultConfigurationIsVisible = 0;
		};
		38EF29AD1B3BD1CA0036EEDF /* Build configuration list for PBXNativeTarget "Blocks_in_iOSTests" */ = {
			isa = XCConfigurationList;
			buildConfigurations = (
				38EF29AE1B3BD1CA0036EEDF /* Debug */,
				38EF29AF1B3BD1CA0036EEDF /* Release */,
			);
			defaultConfigurationIsVisible = 0;
		};
/* End XCConfigurationList section */
	};
	rootObject = 38EF297F1B3BD1C90036EEDF /* Project object */;
}
